
Microsoft Visual Studio Solution File, Format Version 12.00
# Visual Studio Version 17
VisualStudioVersion = 17.4.33213.308
MinimumVisualStudioVersion = 10.0.40219.1
Project("{FAE04EC0-301F-11D3-BF4B-00C04F79EFBC}") = "vehiclemainetenance Web", "vehiclemainetenance Web\vehiclemainetenance Web.csproj", "{86797D91-4334-4904-9DDC-545450D7498F}"
EndProject
Global
	GlobalSection(SolutionConfigurationPlatforms) = preSolution
		Debug|Any CPU = Debug|Any CPU
		Release|Any CPU = Release|Any CPU
	EndGlobalSection
	GlobalSection(ProjectConfigurationPlatforms) = postSolution
		{86797D91-4334-4904-9DDC-545450D7498F}.Debug|Any CPU.ActiveCfg = Debug|Any CPU
		{86797D91-4334-4904-9DDC-545450D7498F}.Debug|Any CPU.Build.0 = Debug|Any CPU
		{86797D91-4334-4904-9DDC-545450D7498F}.Release|Any CPU.ActiveCfg = Release|Any CPU
		{86797D91-4334-4904-9DDC-545450D7498F}.Release|Any CPU.Build.0 = Release|Any CPU
	EndGlobalSection
	GlobalSection(SolutionProperties) = preSolution
		HideSolutionNode = FALSE
	EndGlobalSection
	GlobalSection(ExtensibilityGlobals) = postSolution
		SolutionGuid = {DC5A62CF-4300-4738-8E99-9AE065073EDC}
	EndGlobalSection
EndGlobal
