
Microsoft Visual Studio Solution File, Format Version 12.00
# Visual Studio Version 17
VisualStudioVersion = 17.4.33213.308
MinimumVisualStudioVersion = 10.0.40219.1
Project("{FAE04EC0-301F-11D3-BF4B-00C04F79EFBC}") = "WindowsFormsApp2", "WindowsFormsApp2\WindowsFormsApp2.csproj", "{3C13984A-A77A-4A7E-96FB-FD0FEC30CB51}"
EndProject
Global
	GlobalSection(SolutionConfigurationPlatforms) = preSolution
		Debug|Any CPU = Debug|Any CPU
		Release|Any CPU = Release|Any CPU
	EndGlobalSection
	GlobalSection(ProjectConfigurationPlatforms) = postSolution
		{3C13984A-A77A-4A7E-96FB-FD0FEC30CB51}.Debug|Any CPU.ActiveCfg = Debug|Any CPU
		{3C13984A-A77A-4A7E-96FB-FD0FEC30CB51}.Debug|Any CPU.Build.0 = Debug|Any CPU
		{3C13984A-A77A-4A7E-96FB-FD0FEC30CB51}.Release|Any CPU.ActiveCfg = Release|Any CPU
		{3C13984A-A77A-4A7E-96FB-FD0FEC30CB51}.Release|Any CPU.Build.0 = Release|Any CPU
	EndGlobalSection
	GlobalSection(SolutionProperties) = preSolution
		HideSolutionNode = FALSE
	EndGlobalSection
	GlobalSection(ExtensibilityGlobals) = postSolution
		SolutionGuid = {1E624EE4-ABA0-47B0-82E8-57B288CAAF3A}
	EndGlobalSection
EndGlobal
