
Microsoft Visual Studio Solution File, Format Version 12.00
# Visual Studio Version 17
VisualStudioVersion = 17.4.33213.308
MinimumVisualStudioVersion = 10.0.40219.1
Project("{9A19103F-16F7-4668-BE54-9A1E7A4F7556}") = "LMU-Final-Project Web", "LMU-Final-Project Web\LMU-Final-Project Web.csproj", "{834E70B3-A983-488C-B2E0-F2044F816C73}"
EndProject
Project("{FAE04EC0-301F-11D3-BF4B-00C04F79EFBC}") = "LMU-FinalProject", "LMU-FinalProject\LMU-FinalProject.csproj", "{049EE192-29A0-4E33-9711-B295B0E0B87D}"
EndProject
Global
	GlobalSection(SolutionConfigurationPlatforms) = preSolution
		Debug|Any CPU = Debug|Any CPU
		Release|Any CPU = Release|Any CPU
	EndGlobalSection
	GlobalSection(ProjectConfigurationPlatforms) = postSolution
		{834E70B3-A983-488C-B2E0-F2044F816C73}.Debug|Any CPU.ActiveCfg = Debug|Any CPU
		{834E70B3-A983-488C-B2E0-F2044F816C73}.Debug|Any CPU.Build.0 = Debug|Any CPU
		{834E70B3-A983-488C-B2E0-F2044F816C73}.Release|Any CPU.ActiveCfg = Release|Any CPU
		{834E70B3-A983-488C-B2E0-F2044F816C73}.Release|Any CPU.Build.0 = Release|Any CPU
		{049EE192-29A0-4E33-9711-B295B0E0B87D}.Debug|Any CPU.ActiveCfg = Debug|Any CPU
		{049EE192-29A0-4E33-9711-B295B0E0B87D}.Debug|Any CPU.Build.0 = Debug|Any CPU
		{049EE192-29A0-4E33-9711-B295B0E0B87D}.Release|Any CPU.ActiveCfg = Release|Any CPU
		{049EE192-29A0-4E33-9711-B295B0E0B87D}.Release|Any CPU.Build.0 = Release|Any CPU
	EndGlobalSection
	GlobalSection(SolutionProperties) = preSolution
		HideSolutionNode = FALSE
	EndGlobalSection
	GlobalSection(ExtensibilityGlobals) = postSolution
		SolutionGuid = {9EA0B8DA-1C2A-4018-B1CF-F32B73BFB5D6}
	EndGlobalSection
EndGlobal
